
Microsoft Visual Studio Solution File, Format Version 12.00
# Visual Studio 15
VisualStudioVersion = 15.0.28307.438
MinimumVisualStudioVersion = 10.0.40219.1
Project("{2150E333-8FDC-42A3-9474-1A3956D46DE8}") = "1 Getting Started", "1 Getting Started", "{205007EE-0D6E-4949-AFB3-CE4F028B3F8D}"
EndProject
Project("{FAE04EC0-301F-11D3-BF4B-00C04F79EFBC}") = "1.1 Hello World", "1.1 Hello World\1.1 Hello World.csproj", "{0E08265E-8466-47DF-8C75-03D2E081F0BC}"
EndProject
Project("{2150E333-8FDC-42A3-9474-1A3956D46DE8}") = "2 Storing Values", "2 Storing Values", "{D5BAD307-9D75-487B-BD16-226DCE93F677}"
EndProject
Project("{2150E333-8FDC-42A3-9474-1A3956D46DE8}") = "3 Performing Operations", "3 Performing Operations", "{1F7D7D18-885F-4F9E-80CE-9EBE7BB421A5}"
EndProject
Project("{2150E333-8FDC-42A3-9474-1A3956D46DE8}") = "4 Making Statements", "4 Making Statements", "{1F6C5984-A401-4E27-AEB6-49FC2EB36DDD}"
EndProject
Project("{2150E333-8FDC-42A3-9474-1A3956D46DE8}") = "5 Devising Methods", "5 Devising Methods", "{F4C03630-E819-4958-9F37-C2CA9679D505}"
EndProject
Project("{2150E333-8FDC-42A3-9474-1A3956D46DE8}") = "6 Handling Strings", "6 Handling Strings", "{C4A83A25-070F-4FF0-BF26-C6FAC8F9B379}"
EndProject
Project("{2150E333-8FDC-42A3-9474-1A3956D46DE8}") = "7 Accessing Files", "7 Accessing Files", "{3D64D77C-092E-41C9-9421-D76EA29B2D99}"
EndProject
Project("{2150E333-8FDC-42A3-9474-1A3956D46DE8}") = "8 Solving Problems", "8 Solving Problems", "{2CC0DDC1-E8A0-4CEE-A89B-EAB7C5D0D496}"
EndProject
Project("{2150E333-8FDC-42A3-9474-1A3956D46DE8}") = "9 Creating Objects", "9 Creating Objects", "{45D00C16-51D5-4C20-A5F3-3999D1856367}"
EndProject
Project("{FAE04EC0-301F-11D3-BF4B-00C04F79EFBC}") = "2.1 Creating Variables", "2.1 Creating Variables\2.1 Creating Variables.csproj", "{AEB5DC88-F98E-4BB3-BCA4-89585013BE0D}"
EndProject
Project("{FAE04EC0-301F-11D3-BF4B-00C04F79EFBC}") = "2.2 Reading Input", "2.2 Reading Input\2.2 Reading Input.csproj", "{214D9394-4849-4ABB-8923-F0B6C30B1427}"
EndProject
Project("{FAE04EC0-301F-11D3-BF4B-00C04F79EFBC}") = "2.3 Arrays", "2.3 Arrays\2.3 Arrays.csproj", "{80659C54-98A7-4BEC-BB65-8374328A733E}"
EndProject
Project("{FAE04EC0-301F-11D3-BF4B-00C04F79EFBC}") = "2.4 Casting Data Types", "2.4 Casting Data Types\2.4 Casting Data Types.csproj", "{2E77315E-539B-42AB-BA1D-A33D4C775050}"
EndProject
Project("{FAE04EC0-301F-11D3-BF4B-00C04F79EFBC}") = "2.5 Enumerator", "2.5 Enumerator\2.5 Enumerator.csproj", "{29B3C56B-6291-4444-9911-81CC3F96CBA2}"
EndProject
Project("{FAE04EC0-301F-11D3-BF4B-00C04F79EFBC}") = "3.1 Arithmetics", "3.1 Arithmetics\3.1 Arithmetics.csproj", "{D4EC3044-3D37-4E6B-81FD-D5D51C9312AD}"
EndProject
Project("{FAE04EC0-301F-11D3-BF4B-00C04F79EFBC}") = "3.2 Assigning Values", "3.2 Assigning Values\3.2 Assigning Values.csproj", "{AF5ECF17-0E62-44CC-A3B4-5DABB1AE6E44}"
EndProject
Project("{FAE04EC0-301F-11D3-BF4B-00C04F79EFBC}") = "3.3 Comparing Values", "3.3 Comparing Values\3.3 Comparing Values.csproj", "{99A09348-A75E-438A-A602-F90E65D07F8D}"
EndProject
Project("{FAE04EC0-301F-11D3-BF4B-00C04F79EFBC}") = "3.4 Assessing Logic", "3.4 Assessing Logic\3.4 Assessing Logic.csproj", "{E265BF51-2B2E-4178-BD56-F876A428B689}"
EndProject
Project("{FAE04EC0-301F-11D3-BF4B-00C04F79EFBC}") = "3.5 Examining Conditions", "3.5 Examining Conditions\3.5 Examining Conditions.csproj", "{2B0A6D45-349A-434C-AD60-6AB280B97EF3}"
EndProject
Project("{FAE04EC0-301F-11D3-BF4B-00C04F79EFBC}") = "3.6 Setting Precedence", "3.6 Setting Precedence\3.6 Setting Precedence.csproj", "{D3FD5388-BA7F-4C36-B0BC-C03F14D0B308}"
EndProject
Project("{FAE04EC0-301F-11D3-BF4B-00C04F79EFBC}") = "4.1 Branching If", "4.1\4.1 Branching If.csproj", "{9D05E820-54F2-48D5-81BE-5A68B27B28CF}"
EndProject
Project("{FAE04EC0-301F-11D3-BF4B-00C04F79EFBC}") = "4.2 Switch", "4.2 Switch\4.2 Switch.csproj", "{6810537D-9D14-4D18-8F38-3D57111E785C}"
EndProject
Project("{FAE04EC0-301F-11D3-BF4B-00C04F79EFBC}") = "4.3 Looping For", "4.3 Looping For\4.3 Looping For.csproj", "{A241EBE6-9FBE-4FC5-A28E-718E30C165C8}"
EndProject
Project("{FAE04EC0-301F-11D3-BF4B-00C04F79EFBC}") = "4.4 Looping While", "4.4 Looping While\4.4 Looping While.csproj", "{3FCB4745-27CD-4F3D-957C-00046A9A880D}"
EndProject
Project("{FAE04EC0-301F-11D3-BF4B-00C04F79EFBC}") = "4.5 Iterating ForEach", "4.5 Iterating ForEach\4.5 Iterating ForEach.csproj", "{59817839-05DF-4C78-ADF1-7A8C669A091C}"
EndProject
Project("{FAE04EC0-301F-11D3-BF4B-00C04F79EFBC}") = "5.1 Creating Function", "5.1 Creating Function\5.1 Creating Function.csproj", "{F7FCE9EF-4845-4C0B-A118-0034787533D5}"
EndProject
Project("{FAE04EC0-301F-11D3-BF4B-00C04F79EFBC}") = "5.2 Passing Arguments", "5.2 Passing Arguments\5.2 Passing Arguments.csproj", "{25A82EB3-6167-4684-9E9B-2D8F0DE5B968}"
EndProject
Project("{FAE04EC0-301F-11D3-BF4B-00C04F79EFBC}") = "5.3 Overloading Methods", "5.3 Overloading Methods\5.3 Overloading Methods.csproj", "{F538A067-6255-4B7B-AE59-CDCD7A4CCD33}"
EndProject
Project("{FAE04EC0-301F-11D3-BF4B-00C04F79EFBC}") = "5.4 Refactoring Code", "5.4 Refactoring Code\5.4 Refactoring Code.csproj", "{99D42E85-FDB4-4395-A9B1-04A2B072A33E}"
EndProject
Project("{FAE04EC0-301F-11D3-BF4B-00C04F79EFBC}") = "6.1 String Features", "6.1 String Features\6.1 String Features.csproj", "{3D5CCF1A-A7C1-41EA-99D0-A87B73B7B808}"
EndProject
Project("{FAE04EC0-301F-11D3-BF4B-00C04F79EFBC}") = "6.2 Manipulating Strings", "6.2 Manipulating Strings\6.2 Manipulating Strings.csproj", "{53B98CF4-B21C-4A5A-8793-6D17EC4A639E}"
EndProject
Project("{FAE04EC0-301F-11D3-BF4B-00C04F79EFBC}") = "6.3 Joining and Comparing", "6.3 Joining and Comparing\6.3 Joining and Comparing.csproj", "{80717BF0-A78C-4DDB-A598-DE6C4711DBA9}"
EndProject
Project("{FAE04EC0-301F-11D3-BF4B-00C04F79EFBC}") = "6.4 Copying and Swapping", "6.4 Copying and Swapping\6.4 Copying and Swapping.csproj", "{9071A6FD-030D-4650-8F28-210D5E161D77}"
EndProject
Project("{FAE04EC0-301F-11D3-BF4B-00C04F79EFBC}") = "6.5 Finding Substrings", "6.5 Finding Substrings\6.5 Finding Substrings.csproj", "{1A3FC924-FC91-487E-910C-85832A11A38D}"
EndProject
Project("{FAE04EC0-301F-11D3-BF4B-00C04F79EFBC}") = "6.6 Formatting Strings", "6.6 Formatting Strings\6.6 Formatting Strings.csproj", "{1F77AD58-02ED-4702-BD58-942BE96B1E75}"
EndProject
Project("{FAE04EC0-301F-11D3-BF4B-00C04F79EFBC}") = "6.7 Formatting Date Strings", "6.7 Formatting Date Strings\6.7 Formatting Date Strings.csproj", "{95F8C399-311E-42C5-8953-7E29FF23C32E}"
EndProject
Project("{FAE04EC0-301F-11D3-BF4B-00C04F79EFBC}") = "7.1 Writing A File", "7.1 Writing A File\7.1 Writing A File.csproj", "{5844D0D2-DC6C-42C4-A887-8BF0E02AC250}"
EndProject
Project("{FAE04EC0-301F-11D3-BF4B-00C04F79EFBC}") = "7.2 Appending To A File", "7.2 Appending To A File\7.2 Appending To A File.csproj", "{EBCB5DE3-8680-4626-B087-A801BD579464}"
EndProject
Project("{FAE04EC0-301F-11D3-BF4B-00C04F79EFBC}") = "7.3 Reading Text and Lines", "7.3 Reading Text and Lines\7.3 Reading Text and Lines.csproj", "{13D20E63-15E4-46FA-904D-4949619CC91A}"
EndProject
Project("{FAE04EC0-301F-11D3-BF4B-00C04F79EFBC}") = "7.4 Streaming Lines", "7.4 Streaming Lines\7.4 Streaming Lines.csproj", "{A71FA67B-36CC-4EAB-B655-571AC1F2ED44}"
EndProject
Project("{FAE04EC0-301F-11D3-BF4B-00C04F79EFBC}") = "7.5 Manipulating InputOutput", "7.5 Manipulating InputOutput\7.5 Manipulating InputOutput.csproj", "{F1DAC088-ED42-4A9D-8A1E-E6F8DE4A2E0F}"
EndProject
Project("{FAE04EC0-301F-11D3-BF4B-00C04F79EFBC}") = "8.1 CompileTime Errors", "8.1 CompileTime Errors\8.1 CompileTime Errors.csproj", "{4F8E0316-BEAF-4660-B6B9-B652C65AB188}"
EndProject
Project("{FAE04EC0-301F-11D3-BF4B-00C04F79EFBC}") = "8.2 Debugging", "8.2 Debugging\8.2 Debugging.csproj", "{5665E1C1-2D3C-4F1E-A95D-B3F06C6BBAF7}"
EndProject
Project("{FAE04EC0-301F-11D3-BF4B-00C04F79EFBC}") = "8.3 Breakpoints", "8.3 Breakpoints\8.3 Breakpoints.csproj", "{8B4199C4-C47B-4F5D-8E0E-44104EA01078}"
EndProject
Project("{FAE04EC0-301F-11D3-BF4B-00C04F79EFBC}") = "8.4 Catching RunTime Errors", "8.4 Catching RunTime Errors\8.4 Catching RunTime Errors.csproj", "{137F04D1-F517-4B0A-8660-B4947DF0546F}"
EndProject
Project("{FAE04EC0-301F-11D3-BF4B-00C04F79EFBC}") = "9.1 Creating Multiple Objects", "9.1 Creating Multiple Objects\9.1 Creating Multiple Objects.csproj", "{704B37CE-B54A-4557-B97F-81877A400533}"
EndProject
Project("{FAE04EC0-301F-11D3-BF4B-00C04F79EFBC}") = "9.2 Initializing Class Members", "9.2 Initializing Class Members\9.2 Initializing Class Members.csproj", "{D5BE05F7-5F19-417D-AF42-73F07B96688F}"
EndProject
Project("{FAE04EC0-301F-11D3-BF4B-00C04F79EFBC}") = "9.3 Inheriting Class Properties", "9.3 Inheriting Class Properties\9.3 Inheriting Class Properties.csproj", "{6BBE9B8F-6252-43C4-8B67-7B613A0992CB}"
EndProject
Project("{FAE04EC0-301F-11D3-BF4B-00C04F79EFBC}") = "9.4 Calling Base Constructors", "9.4 Calling Base Constructors\9.4 Calling Base Constructors.csproj", "{B8D2EB1B-ACE4-452C-A6F4-CC08CD899B93}"
EndProject
Project("{FAE04EC0-301F-11D3-BF4B-00C04F79EFBC}") = "9.5 Hiding Base Methods", "9.5 Hiding Base Methods\9.5 Hiding Base Methods.csproj", "{8BB422B3-285C-4203-97B7-EA9FC9972403}"
EndProject
Project("{FAE04EC0-301F-11D3-BF4B-00C04F79EFBC}") = "9.6 Directing Method Calls", "9.6 Directing Method Calls\9.6 Directing Method Calls.csproj", "{EB61BA95-285D-416D-9D72-FD854C145A09}"
EndProject
Project("{FAE04EC0-301F-11D3-BF4B-00C04F79EFBC}") = "9.7 Providing Capability Classes", "9.7 Providing Capability Classes\9.7 Providing Capability Classes.csproj", "{2ECAA5DD-5CC8-445F-8A33-8F9D7FFD1839}"
EndProject
Project("{FAE04EC0-301F-11D3-BF4B-00C04F79EFBC}") = "9.8 Employing Partial Classes", "9.8 Employing Partial Classes\9.8 Employing Partial Classes.csproj", "{03D0695B-7C60-4A9A-8EC2-DBAAF4DF59BE}"
EndProject
Global
	GlobalSection(SolutionConfigurationPlatforms) = preSolution
		Debug|Any CPU = Debug|Any CPU
		Release|Any CPU = Release|Any CPU
	EndGlobalSection
	GlobalSection(ProjectConfigurationPlatforms) = postSolution
		{0E08265E-8466-47DF-8C75-03D2E081F0BC}.Debug|Any CPU.ActiveCfg = Debug|Any CPU
		{0E08265E-8466-47DF-8C75-03D2E081F0BC}.Debug|Any CPU.Build.0 = Debug|Any CPU
		{0E08265E-8466-47DF-8C75-03D2E081F0BC}.Release|Any CPU.ActiveCfg = Release|Any CPU
		{0E08265E-8466-47DF-8C75-03D2E081F0BC}.Release|Any CPU.Build.0 = Release|Any CPU
		{AEB5DC88-F98E-4BB3-BCA4-89585013BE0D}.Debug|Any CPU.ActiveCfg = Debug|Any CPU
		{AEB5DC88-F98E-4BB3-BCA4-89585013BE0D}.Debug|Any CPU.Build.0 = Debug|Any CPU
		{AEB5DC88-F98E-4BB3-BCA4-89585013BE0D}.Release|Any CPU.ActiveCfg = Release|Any CPU
		{AEB5DC88-F98E-4BB3-BCA4-89585013BE0D}.Release|Any CPU.Build.0 = Release|Any CPU
		{214D9394-4849-4ABB-8923-F0B6C30B1427}.Debug|Any CPU.ActiveCfg = Debug|Any CPU
		{214D9394-4849-4ABB-8923-F0B6C30B1427}.Debug|Any CPU.Build.0 = Debug|Any CPU
		{214D9394-4849-4ABB-8923-F0B6C30B1427}.Release|Any CPU.ActiveCfg = Release|Any CPU
		{214D9394-4849-4ABB-8923-F0B6C30B1427}.Release|Any CPU.Build.0 = Release|Any CPU
		{80659C54-98A7-4BEC-BB65-8374328A733E}.Debug|Any CPU.ActiveCfg = Debug|Any CPU
		{80659C54-98A7-4BEC-BB65-8374328A733E}.Debug|Any CPU.Build.0 = Debug|Any CPU
		{80659C54-98A7-4BEC-BB65-8374328A733E}.Release|Any CPU.ActiveCfg = Release|Any CPU
		{80659C54-98A7-4BEC-BB65-8374328A733E}.Release|Any CPU.Build.0 = Release|Any CPU
		{2E77315E-539B-42AB-BA1D-A33D4C775050}.Debug|Any CPU.ActiveCfg = Debug|Any CPU
		{2E77315E-539B-42AB-BA1D-A33D4C775050}.Debug|Any CPU.Build.0 = Debug|Any CPU
		{2E77315E-539B-42AB-BA1D-A33D4C775050}.Release|Any CPU.ActiveCfg = Release|Any CPU
		{2E77315E-539B-42AB-BA1D-A33D4C775050}.Release|Any CPU.Build.0 = Release|Any CPU
		{29B3C56B-6291-4444-9911-81CC3F96CBA2}.Debug|Any CPU.ActiveCfg = Debug|Any CPU
		{29B3C56B-6291-4444-9911-81CC3F96CBA2}.Debug|Any CPU.Build.0 = Debug|Any CPU
		{29B3C56B-6291-4444-9911-81CC3F96CBA2}.Release|Any CPU.ActiveCfg = Release|Any CPU
		{29B3C56B-6291-4444-9911-81CC3F96CBA2}.Release|Any CPU.Build.0 = Release|Any CPU
		{D4EC3044-3D37-4E6B-81FD-D5D51C9312AD}.Debug|Any CPU.ActiveCfg = Debug|Any CPU
		{D4EC3044-3D37-4E6B-81FD-D5D51C9312AD}.Debug|Any CPU.Build.0 = Debug|Any CPU
		{D4EC3044-3D37-4E6B-81FD-D5D51C9312AD}.Release|Any CPU.ActiveCfg = Release|Any CPU
		{D4EC3044-3D37-4E6B-81FD-D5D51C9312AD}.Release|Any CPU.Build.0 = Release|Any CPU
		{AF5ECF17-0E62-44CC-A3B4-5DABB1AE6E44}.Debug|Any CPU.ActiveCfg = Debug|Any CPU
		{AF5ECF17-0E62-44CC-A3B4-5DABB1AE6E44}.Debug|Any CPU.Build.0 = Debug|Any CPU
		{AF5ECF17-0E62-44CC-A3B4-5DABB1AE6E44}.Release|Any CPU.ActiveCfg = Release|Any CPU
		{AF5ECF17-0E62-44CC-A3B4-5DABB1AE6E44}.Release|Any CPU.Build.0 = Release|Any CPU
		{99A09348-A75E-438A-A602-F90E65D07F8D}.Debug|Any CPU.ActiveCfg = Debug|Any CPU
		{99A09348-A75E-438A-A602-F90E65D07F8D}.Debug|Any CPU.Build.0 = Debug|Any CPU
		{99A09348-A75E-438A-A602-F90E65D07F8D}.Release|Any CPU.ActiveCfg = Release|Any CPU
		{99A09348-A75E-438A-A602-F90E65D07F8D}.Release|Any CPU.Build.0 = Release|Any CPU
		{E265BF51-2B2E-4178-BD56-F876A428B689}.Debug|Any CPU.ActiveCfg = Debug|Any CPU
		{E265BF51-2B2E-4178-BD56-F876A428B689}.Debug|Any CPU.Build.0 = Debug|Any CPU
		{E265BF51-2B2E-4178-BD56-F876A428B689}.Release|Any CPU.ActiveCfg = Release|Any CPU
		{E265BF51-2B2E-4178-BD56-F876A428B689}.Release|Any CPU.Build.0 = Release|Any CPU
		{2B0A6D45-349A-434C-AD60-6AB280B97EF3}.Debug|Any CPU.ActiveCfg = Debug|Any CPU
		{2B0A6D45-349A-434C-AD60-6AB280B97EF3}.Debug|Any CPU.Build.0 = Debug|Any CPU
		{2B0A6D45-349A-434C-AD60-6AB280B97EF3}.Release|Any CPU.ActiveCfg = Release|Any CPU
		{2B0A6D45-349A-434C-AD60-6AB280B97EF3}.Release|Any CPU.Build.0 = Release|Any CPU
		{D3FD5388-BA7F-4C36-B0BC-C03F14D0B308}.Debug|Any CPU.ActiveCfg = Debug|Any CPU
		{D3FD5388-BA7F-4C36-B0BC-C03F14D0B308}.Debug|Any CPU.Build.0 = Debug|Any CPU
		{D3FD5388-BA7F-4C36-B0BC-C03F14D0B308}.Release|Any CPU.ActiveCfg = Release|Any CPU
		{D3FD5388-BA7F-4C36-B0BC-C03F14D0B308}.Release|Any CPU.Build.0 = Release|Any CPU
		{9D05E820-54F2-48D5-81BE-5A68B27B28CF}.Debug|Any CPU.ActiveCfg = Debug|Any CPU
		{9D05E820-54F2-48D5-81BE-5A68B27B28CF}.Debug|Any CPU.Build.0 = Debug|Any CPU
		{9D05E820-54F2-48D5-81BE-5A68B27B28CF}.Release|Any CPU.ActiveCfg = Release|Any CPU
		{9D05E820-54F2-48D5-81BE-5A68B27B28CF}.Release|Any CPU.Build.0 = Release|Any CPU
		{6810537D-9D14-4D18-8F38-3D57111E785C}.Debug|Any CPU.ActiveCfg = Debug|Any CPU
		{6810537D-9D14-4D18-8F38-3D57111E785C}.Debug|Any CPU.Build.0 = Debug|Any CPU
		{6810537D-9D14-4D18-8F38-3D57111E785C}.Release|Any CPU.ActiveCfg = Release|Any CPU
		{6810537D-9D14-4D18-8F38-3D57111E785C}.Release|Any CPU.Build.0 = Release|Any CPU
		{A241EBE6-9FBE-4FC5-A28E-718E30C165C8}.Debug|Any CPU.ActiveCfg = Debug|Any CPU
		{A241EBE6-9FBE-4FC5-A28E-718E30C165C8}.Debug|Any CPU.Build.0 = Debug|Any CPU
		{A241EBE6-9FBE-4FC5-A28E-718E30C165C8}.Release|Any CPU.ActiveCfg = Release|Any CPU
		{A241EBE6-9FBE-4FC5-A28E-718E30C165C8}.Release|Any CPU.Build.0 = Release|Any CPU
		{3FCB4745-27CD-4F3D-957C-00046A9A880D}.Debug|Any CPU.ActiveCfg = Debug|Any CPU
		{3FCB4745-27CD-4F3D-957C-00046A9A880D}.Debug|Any CPU.Build.0 = Debug|Any CPU
		{3FCB4745-27CD-4F3D-957C-00046A9A880D}.Release|Any CPU.ActiveCfg = Release|Any CPU
		{3FCB4745-27CD-4F3D-957C-00046A9A880D}.Release|Any CPU.Build.0 = Release|Any CPU
		{59817839-05DF-4C78-ADF1-7A8C669A091C}.Debug|Any CPU.ActiveCfg = Debug|Any CPU
		{59817839-05DF-4C78-ADF1-7A8C669A091C}.Debug|Any CPU.Build.0 = Debug|Any CPU
		{59817839-05DF-4C78-ADF1-7A8C669A091C}.Release|Any CPU.ActiveCfg = Release|Any CPU
		{59817839-05DF-4C78-ADF1-7A8C669A091C}.Release|Any CPU.Build.0 = Release|Any CPU
		{F7FCE9EF-4845-4C0B-A118-0034787533D5}.Debug|Any CPU.ActiveCfg = Debug|Any CPU
		{F7FCE9EF-4845-4C0B-A118-0034787533D5}.Debug|Any CPU.Build.0 = Debug|Any CPU
		{F7FCE9EF-4845-4C0B-A118-0034787533D5}.Release|Any CPU.ActiveCfg = Release|Any CPU
		{F7FCE9EF-4845-4C0B-A118-0034787533D5}.Release|Any CPU.Build.0 = Release|Any CPU
		{25A82EB3-6167-4684-9E9B-2D8F0DE5B968}.Debug|Any CPU.ActiveCfg = Debug|Any CPU
		{25A82EB3-6167-4684-9E9B-2D8F0DE5B968}.Debug|Any CPU.Build.0 = Debug|Any CPU
		{25A82EB3-6167-4684-9E9B-2D8F0DE5B968}.Release|Any CPU.ActiveCfg = Release|Any CPU
		{25A82EB3-6167-4684-9E9B-2D8F0DE5B968}.Release|Any CPU.Build.0 = Release|Any CPU
		{F538A067-6255-4B7B-AE59-CDCD7A4CCD33}.Debug|Any CPU.ActiveCfg = Debug|Any CPU
		{F538A067-6255-4B7B-AE59-CDCD7A4CCD33}.Debug|Any CPU.Build.0 = Debug|Any CPU
		{F538A067-6255-4B7B-AE59-CDCD7A4CCD33}.Release|Any CPU.ActiveCfg = Release|Any CPU
		{F538A067-6255-4B7B-AE59-CDCD7A4CCD33}.Release|Any CPU.Build.0 = Release|Any CPU
		{99D42E85-FDB4-4395-A9B1-04A2B072A33E}.Debug|Any CPU.ActiveCfg = Debug|Any CPU
		{99D42E85-FDB4-4395-A9B1-04A2B072A33E}.Debug|Any CPU.Build.0 = Debug|Any CPU
		{99D42E85-FDB4-4395-A9B1-04A2B072A33E}.Release|Any CPU.ActiveCfg = Release|Any CPU
		{99D42E85-FDB4-4395-A9B1-04A2B072A33E}.Release|Any CPU.Build.0 = Release|Any CPU
		{3D5CCF1A-A7C1-41EA-99D0-A87B73B7B808}.Debug|Any CPU.ActiveCfg = Debug|Any CPU
		{3D5CCF1A-A7C1-41EA-99D0-A87B73B7B808}.Debug|Any CPU.Build.0 = Debug|Any CPU
		{3D5CCF1A-A7C1-41EA-99D0-A87B73B7B808}.Release|Any CPU.ActiveCfg = Release|Any CPU
		{3D5CCF1A-A7C1-41EA-99D0-A87B73B7B808}.Release|Any CPU.Build.0 = Release|Any CPU
		{53B98CF4-B21C-4A5A-8793-6D17EC4A639E}.Debug|Any CPU.ActiveCfg = Debug|Any CPU
		{53B98CF4-B21C-4A5A-8793-6D17EC4A639E}.Debug|Any CPU.Build.0 = Debug|Any CPU
		{53B98CF4-B21C-4A5A-8793-6D17EC4A639E}.Release|Any CPU.ActiveCfg = Release|Any CPU
		{53B98CF4-B21C-4A5A-8793-6D17EC4A639E}.Release|Any CPU.Build.0 = Release|Any CPU
		{80717BF0-A78C-4DDB-A598-DE6C4711DBA9}.Debug|Any CPU.ActiveCfg = Debug|Any CPU
		{80717BF0-A78C-4DDB-A598-DE6C4711DBA9}.Debug|Any CPU.Build.0 = Debug|Any CPU
		{80717BF0-A78C-4DDB-A598-DE6C4711DBA9}.Release|Any CPU.ActiveCfg = Release|Any CPU
		{80717BF0-A78C-4DDB-A598-DE6C4711DBA9}.Release|Any CPU.Build.0 = Release|Any CPU
		{9071A6FD-030D-4650-8F28-210D5E161D77}.Debug|Any CPU.ActiveCfg = Debug|Any CPU
		{9071A6FD-030D-4650-8F28-210D5E161D77}.Debug|Any CPU.Build.0 = Debug|Any CPU
		{9071A6FD-030D-4650-8F28-210D5E161D77}.Release|Any CPU.ActiveCfg = Release|Any CPU
		{9071A6FD-030D-4650-8F28-210D5E161D77}.Release|Any CPU.Build.0 = Release|Any CPU
		{1A3FC924-FC91-487E-910C-85832A11A38D}.Debug|Any CPU.ActiveCfg = Debug|Any CPU
		{1A3FC924-FC91-487E-910C-85832A11A38D}.Debug|Any CPU.Build.0 = Debug|Any CPU
		{1A3FC924-FC91-487E-910C-85832A11A38D}.Release|Any CPU.ActiveCfg = Release|Any CPU
		{1A3FC924-FC91-487E-910C-85832A11A38D}.Release|Any CPU.Build.0 = Release|Any CPU
		{1F77AD58-02ED-4702-BD58-942BE96B1E75}.Debug|Any CPU.ActiveCfg = Debug|Any CPU
		{1F77AD58-02ED-4702-BD58-942BE96B1E75}.Debug|Any CPU.Build.0 = Debug|Any CPU
		{1F77AD58-02ED-4702-BD58-942BE96B1E75}.Release|Any CPU.ActiveCfg = Release|Any CPU
		{1F77AD58-02ED-4702-BD58-942BE96B1E75}.Release|Any CPU.Build.0 = Release|Any CPU
		{95F8C399-311E-42C5-8953-7E29FF23C32E}.Debug|Any CPU.ActiveCfg = Debug|Any CPU
		{95F8C399-311E-42C5-8953-7E29FF23C32E}.Debug|Any CPU.Build.0 = Debug|Any CPU
		{95F8C399-311E-42C5-8953-7E29FF23C32E}.Release|Any CPU.ActiveCfg = Release|Any CPU
		{95F8C399-311E-42C5-8953-7E29FF23C32E}.Release|Any CPU.Build.0 = Release|Any CPU
		{5844D0D2-DC6C-42C4-A887-8BF0E02AC250}.Debug|Any CPU.ActiveCfg = Debug|Any CPU
		{5844D0D2-DC6C-42C4-A887-8BF0E02AC250}.Debug|Any CPU.Build.0 = Debug|Any CPU
		{5844D0D2-DC6C-42C4-A887-8BF0E02AC250}.Release|Any CPU.ActiveCfg = Release|Any CPU
		{5844D0D2-DC6C-42C4-A887-8BF0E02AC250}.Release|Any CPU.Build.0 = Release|Any CPU
		{EBCB5DE3-8680-4626-B087-A801BD579464}.Debug|Any CPU.ActiveCfg = Debug|Any CPU
		{EBCB5DE3-8680-4626-B087-A801BD579464}.Debug|Any CPU.Build.0 = Debug|Any CPU
		{EBCB5DE3-8680-4626-B087-A801BD579464}.Release|Any CPU.ActiveCfg = Release|Any CPU
		{EBCB5DE3-8680-4626-B087-A801BD579464}.Release|Any CPU.Build.0 = Release|Any CPU
		{13D20E63-15E4-46FA-904D-4949619CC91A}.Debug|Any CPU.ActiveCfg = Debug|Any CPU
		{13D20E63-15E4-46FA-904D-4949619CC91A}.Debug|Any CPU.Build.0 = Debug|Any CPU
		{13D20E63-15E4-46FA-904D-4949619CC91A}.Release|Any CPU.ActiveCfg = Release|Any CPU
		{13D20E63-15E4-46FA-904D-4949619CC91A}.Release|Any CPU.Build.0 = Release|Any CPU
		{A71FA67B-36CC-4EAB-B655-571AC1F2ED44}.Debug|Any CPU.ActiveCfg = Debug|Any CPU
		{A71FA67B-36CC-4EAB-B655-571AC1F2ED44}.Debug|Any CPU.Build.0 = Debug|Any CPU
		{A71FA67B-36CC-4EAB-B655-571AC1F2ED44}.Release|Any CPU.ActiveCfg = Release|Any CPU
		{A71FA67B-36CC-4EAB-B655-571AC1F2ED44}.Release|Any CPU.Build.0 = Release|Any CPU
		{F1DAC088-ED42-4A9D-8A1E-E6F8DE4A2E0F}.Debug|Any CPU.ActiveCfg = Debug|Any CPU
		{F1DAC088-ED42-4A9D-8A1E-E6F8DE4A2E0F}.Debug|Any CPU.Build.0 = Debug|Any CPU
		{F1DAC088-ED42-4A9D-8A1E-E6F8DE4A2E0F}.Release|Any CPU.ActiveCfg = Release|Any CPU
		{F1DAC088-ED42-4A9D-8A1E-E6F8DE4A2E0F}.Release|Any CPU.Build.0 = Release|Any CPU
		{4F8E0316-BEAF-4660-B6B9-B652C65AB188}.Debug|Any CPU.ActiveCfg = Debug|Any CPU
		{4F8E0316-BEAF-4660-B6B9-B652C65AB188}.Debug|Any CPU.Build.0 = Debug|Any CPU
		{4F8E0316-BEAF-4660-B6B9-B652C65AB188}.Release|Any CPU.ActiveCfg = Release|Any CPU
		{4F8E0316-BEAF-4660-B6B9-B652C65AB188}.Release|Any CPU.Build.0 = Release|Any CPU
		{5665E1C1-2D3C-4F1E-A95D-B3F06C6BBAF7}.Debug|Any CPU.ActiveCfg = Debug|Any CPU
		{5665E1C1-2D3C-4F1E-A95D-B3F06C6BBAF7}.Debug|Any CPU.Build.0 = Debug|Any CPU
		{5665E1C1-2D3C-4F1E-A95D-B3F06C6BBAF7}.Release|Any CPU.ActiveCfg = Release|Any CPU
		{5665E1C1-2D3C-4F1E-A95D-B3F06C6BBAF7}.Release|Any CPU.Build.0 = Release|Any CPU
		{8B4199C4-C47B-4F5D-8E0E-44104EA01078}.Debug|Any CPU.ActiveCfg = Debug|Any CPU
		{8B4199C4-C47B-4F5D-8E0E-44104EA01078}.Debug|Any CPU.Build.0 = Debug|Any CPU
		{8B4199C4-C47B-4F5D-8E0E-44104EA01078}.Release|Any CPU.ActiveCfg = Release|Any CPU
		{8B4199C4-C47B-4F5D-8E0E-44104EA01078}.Release|Any CPU.Build.0 = Release|Any CPU
		{137F04D1-F517-4B0A-8660-B4947DF0546F}.Debug|Any CPU.ActiveCfg = Debug|Any CPU
		{137F04D1-F517-4B0A-8660-B4947DF0546F}.Debug|Any CPU.Build.0 = Debug|Any CPU
		{137F04D1-F517-4B0A-8660-B4947DF0546F}.Release|Any CPU.ActiveCfg = Release|Any CPU
		{137F04D1-F517-4B0A-8660-B4947DF0546F}.Release|Any CPU.Build.0 = Release|Any CPU
		{704B37CE-B54A-4557-B97F-81877A400533}.Debug|Any CPU.ActiveCfg = Debug|Any CPU
		{704B37CE-B54A-4557-B97F-81877A400533}.Debug|Any CPU.Build.0 = Debug|Any CPU
		{704B37CE-B54A-4557-B97F-81877A400533}.Release|Any CPU.ActiveCfg = Release|Any CPU
		{704B37CE-B54A-4557-B97F-81877A400533}.Release|Any CPU.Build.0 = Release|Any CPU
		{D5BE05F7-5F19-417D-AF42-73F07B96688F}.Debug|Any CPU.ActiveCfg = Debug|Any CPU
		{D5BE05F7-5F19-417D-AF42-73F07B96688F}.Debug|Any CPU.Build.0 = Debug|Any CPU
		{D5BE05F7-5F19-417D-AF42-73F07B96688F}.Release|Any CPU.ActiveCfg = Release|Any CPU
		{D5BE05F7-5F19-417D-AF42-73F07B96688F}.Release|Any CPU.Build.0 = Release|Any CPU
		{6BBE9B8F-6252-43C4-8B67-7B613A0992CB}.Debug|Any CPU.ActiveCfg = Debug|Any CPU
		{6BBE9B8F-6252-43C4-8B67-7B613A0992CB}.Debug|Any CPU.Build.0 = Debug|Any CPU
		{6BBE9B8F-6252-43C4-8B67-7B613A0992CB}.Release|Any CPU.ActiveCfg = Release|Any CPU
		{6BBE9B8F-6252-43C4-8B67-7B613A0992CB}.Release|Any CPU.Build.0 = Release|Any CPU
		{B8D2EB1B-ACE4-452C-A6F4-CC08CD899B93}.Debug|Any CPU.ActiveCfg = Debug|Any CPU
		{B8D2EB1B-ACE4-452C-A6F4-CC08CD899B93}.Debug|Any CPU.Build.0 = Debug|Any CPU
		{B8D2EB1B-ACE4-452C-A6F4-CC08CD899B93}.Release|Any CPU.ActiveCfg = Release|Any CPU
		{B8D2EB1B-ACE4-452C-A6F4-CC08CD899B93}.Release|Any CPU.Build.0 = Release|Any CPU
		{8BB422B3-285C-4203-97B7-EA9FC9972403}.Debug|Any CPU.ActiveCfg = Debug|Any CPU
		{8BB422B3-285C-4203-97B7-EA9FC9972403}.Debug|Any CPU.Build.0 = Debug|Any CPU
		{8BB422B3-285C-4203-97B7-EA9FC9972403}.Release|Any CPU.ActiveCfg = Release|Any CPU
		{8BB422B3-285C-4203-97B7-EA9FC9972403}.Release|Any CPU.Build.0 = Release|Any CPU
		{EB61BA95-285D-416D-9D72-FD854C145A09}.Debug|Any CPU.ActiveCfg = Debug|Any CPU
		{EB61BA95-285D-416D-9D72-FD854C145A09}.Debug|Any CPU.Build.0 = Debug|Any CPU
		{EB61BA95-285D-416D-9D72-FD854C145A09}.Release|Any CPU.ActiveCfg = Release|Any CPU
		{EB61BA95-285D-416D-9D72-FD854C145A09}.Release|Any CPU.Build.0 = Release|Any CPU
		{2ECAA5DD-5CC8-445F-8A33-8F9D7FFD1839}.Debug|Any CPU.ActiveCfg = Debug|Any CPU
		{2ECAA5DD-5CC8-445F-8A33-8F9D7FFD1839}.Debug|Any CPU.Build.0 = Debug|Any CPU
		{2ECAA5DD-5CC8-445F-8A33-8F9D7FFD1839}.Release|Any CPU.ActiveCfg = Release|Any CPU
		{2ECAA5DD-5CC8-445F-8A33-8F9D7FFD1839}.Release|Any CPU.Build.0 = Release|Any CPU
		{03D0695B-7C60-4A9A-8EC2-DBAAF4DF59BE}.Debug|Any CPU.ActiveCfg = Debug|Any CPU
		{03D0695B-7C60-4A9A-8EC2-DBAAF4DF59BE}.Debug|Any CPU.Build.0 = Debug|Any CPU
		{03D0695B-7C60-4A9A-8EC2-DBAAF4DF59BE}.Release|Any CPU.ActiveCfg = Release|Any CPU
		{03D0695B-7C60-4A9A-8EC2-DBAAF4DF59BE}.Release|Any CPU.Build.0 = Release|Any CPU
	EndGlobalSection
	GlobalSection(SolutionProperties) = preSolution
		HideSolutionNode = FALSE
	EndGlobalSection
	GlobalSection(NestedProjects) = preSolution
		{0E08265E-8466-47DF-8C75-03D2E081F0BC} = {205007EE-0D6E-4949-AFB3-CE4F028B3F8D}
		{AEB5DC88-F98E-4BB3-BCA4-89585013BE0D} = {D5BAD307-9D75-487B-BD16-226DCE93F677}
		{214D9394-4849-4ABB-8923-F0B6C30B1427} = {D5BAD307-9D75-487B-BD16-226DCE93F677}
		{80659C54-98A7-4BEC-BB65-8374328A733E} = {D5BAD307-9D75-487B-BD16-226DCE93F677}
		{2E77315E-539B-42AB-BA1D-A33D4C775050} = {D5BAD307-9D75-487B-BD16-226DCE93F677}
		{29B3C56B-6291-4444-9911-81CC3F96CBA2} = {D5BAD307-9D75-487B-BD16-226DCE93F677}
		{D4EC3044-3D37-4E6B-81FD-D5D51C9312AD} = {1F7D7D18-885F-4F9E-80CE-9EBE7BB421A5}
		{AF5ECF17-0E62-44CC-A3B4-5DABB1AE6E44} = {1F7D7D18-885F-4F9E-80CE-9EBE7BB421A5}
		{99A09348-A75E-438A-A602-F90E65D07F8D} = {1F7D7D18-885F-4F9E-80CE-9EBE7BB421A5}
		{E265BF51-2B2E-4178-BD56-F876A428B689} = {1F7D7D18-885F-4F9E-80CE-9EBE7BB421A5}
		{2B0A6D45-349A-434C-AD60-6AB280B97EF3} = {1F7D7D18-885F-4F9E-80CE-9EBE7BB421A5}
		{D3FD5388-BA7F-4C36-B0BC-C03F14D0B308} = {1F7D7D18-885F-4F9E-80CE-9EBE7BB421A5}
		{9D05E820-54F2-48D5-81BE-5A68B27B28CF} = {1F6C5984-A401-4E27-AEB6-49FC2EB36DDD}
		{6810537D-9D14-4D18-8F38-3D57111E785C} = {1F6C5984-A401-4E27-AEB6-49FC2EB36DDD}
		{A241EBE6-9FBE-4FC5-A28E-718E30C165C8} = {1F6C5984-A401-4E27-AEB6-49FC2EB36DDD}
		{3FCB4745-27CD-4F3D-957C-00046A9A880D} = {1F6C5984-A401-4E27-AEB6-49FC2EB36DDD}
		{59817839-05DF-4C78-ADF1-7A8C669A091C} = {1F6C5984-A401-4E27-AEB6-49FC2EB36DDD}
		{F7FCE9EF-4845-4C0B-A118-0034787533D5} = {F4C03630-E819-4958-9F37-C2CA9679D505}
		{25A82EB3-6167-4684-9E9B-2D8F0DE5B968} = {F4C03630-E819-4958-9F37-C2CA9679D505}
		{F538A067-6255-4B7B-AE59-CDCD7A4CCD33} = {F4C03630-E819-4958-9F37-C2CA9679D505}
		{99D42E85-FDB4-4395-A9B1-04A2B072A33E} = {F4C03630-E819-4958-9F37-C2CA9679D505}
		{3D5CCF1A-A7C1-41EA-99D0-A87B73B7B808} = {C4A83A25-070F-4FF0-BF26-C6FAC8F9B379}
		{53B98CF4-B21C-4A5A-8793-6D17EC4A639E} = {C4A83A25-070F-4FF0-BF26-C6FAC8F9B379}
		{80717BF0-A78C-4DDB-A598-DE6C4711DBA9} = {C4A83A25-070F-4FF0-BF26-C6FAC8F9B379}
		{9071A6FD-030D-4650-8F28-210D5E161D77} = {C4A83A25-070F-4FF0-BF26-C6FAC8F9B379}
		{1A3FC924-FC91-487E-910C-85832A11A38D} = {C4A83A25-070F-4FF0-BF26-C6FAC8F9B379}
		{1F77AD58-02ED-4702-BD58-942BE96B1E75} = {C4A83A25-070F-4FF0-BF26-C6FAC8F9B379}
		{95F8C399-311E-42C5-8953-7E29FF23C32E} = {C4A83A25-070F-4FF0-BF26-C6FAC8F9B379}
		{5844D0D2-DC6C-42C4-A887-8BF0E02AC250} = {3D64D77C-092E-41C9-9421-D76EA29B2D99}
		{EBCB5DE3-8680-4626-B087-A801BD579464} = {3D64D77C-092E-41C9-9421-D76EA29B2D99}
		{13D20E63-15E4-46FA-904D-4949619CC91A} = {3D64D77C-092E-41C9-9421-D76EA29B2D99}
		{A71FA67B-36CC-4EAB-B655-571AC1F2ED44} = {3D64D77C-092E-41C9-9421-D76EA29B2D99}
		{F1DAC088-ED42-4A9D-8A1E-E6F8DE4A2E0F} = {3D64D77C-092E-41C9-9421-D76EA29B2D99}
		{4F8E0316-BEAF-4660-B6B9-B652C65AB188} = {2CC0DDC1-E8A0-4CEE-A89B-EAB7C5D0D496}
		{5665E1C1-2D3C-4F1E-A95D-B3F06C6BBAF7} = {2CC0DDC1-E8A0-4CEE-A89B-EAB7C5D0D496}
		{8B4199C4-C47B-4F5D-8E0E-44104EA01078} = {2CC0DDC1-E8A0-4CEE-A89B-EAB7C5D0D496}
		{137F04D1-F517-4B0A-8660-B4947DF0546F} = {2CC0DDC1-E8A0-4CEE-A89B-EAB7C5D0D496}
		{704B37CE-B54A-4557-B97F-81877A400533} = {45D00C16-51D5-4C20-A5F3-3999D1856367}
		{D5BE05F7-5F19-417D-AF42-73F07B96688F} = {45D00C16-51D5-4C20-A5F3-3999D1856367}
		{6BBE9B8F-6252-43C4-8B67-7B613A0992CB} = {45D00C16-51D5-4C20-A5F3-3999D1856367}
		{B8D2EB1B-ACE4-452C-A6F4-CC08CD899B93} = {45D00C16-51D5-4C20-A5F3-3999D1856367}
		{8BB422B3-285C-4203-97B7-EA9FC9972403} = {45D00C16-51D5-4C20-A5F3-3999D1856367}
		{EB61BA95-285D-416D-9D72-FD854C145A09} = {45D00C16-51D5-4C20-A5F3-3999D1856367}
		{2ECAA5DD-5CC8-445F-8A33-8F9D7FFD1839} = {45D00C16-51D5-4C20-A5F3-3999D1856367}
		{03D0695B-7C60-4A9A-8EC2-DBAAF4DF59BE} = {45D00C16-51D5-4C20-A5F3-3999D1856367}
	EndGlobalSection
	GlobalSection(ExtensibilityGlobals) = postSolution
		SolutionGuid = {EDA9F93B-855A-4A3B-B15C-42DD5207B071}
	EndGlobalSection
EndGlobal
